
Microsoft Visual Studio Solution File, Format Version 12.00
# Visual Studio Version 16
VisualStudioVersion = 16.0.30907.101
MinimumVisualStudioVersion = 10.0.40219.1
Project("{FAE04EC0-301F-11D3-BF4B-00C04F79EFBC}") = "DesingPT", "DesingPT\DesingPT.csproj", "{F54D5096-6316-45B5-B260-E05941EAB278}"
EndProject
Global
	GlobalSection(SolutionConfigurationPlatforms) = preSolution
		Debug|Any CPU = Debug|Any CPU
		Release|Any CPU = Release|Any CPU
	EndGlobalSection
	GlobalSection(ProjectConfigurationPlatforms) = postSolution
		{F54D5096-6316-45B5-B260-E05941EAB278}.Debug|Any CPU.ActiveCfg = Debug|Any CPU
		{F54D5096-6316-45B5-B260-E05941EAB278}.Debug|Any CPU.Build.0 = Debug|Any CPU
		{F54D5096-6316-45B5-B260-E05941EAB278}.Release|Any CPU.ActiveCfg = Release|Any CPU
		{F54D5096-6316-45B5-B260-E05941EAB278}.Release|Any CPU.Build.0 = Release|Any CPU
	EndGlobalSection
	GlobalSection(SolutionProperties) = preSolution
		HideSolutionNode = FALSE
	EndGlobalSection
	GlobalSection(ExtensibilityGlobals) = postSolution
		SolutionGuid = {835D7F50-27ED-441B-8766-C2D68299E1A5}
	EndGlobalSection
EndGlobal
